PODS:
  - releasebird-ios-sdk (0.1.0)

DEPENDENCIES:
  - releasebird-ios-sdk (from `../`)

EXTERNAL SOURCES:
  releasebird-ios-sdk:
    :path: "../"

SPEC CHECKSUMS:
  releasebird-ios-sdk: 97535cf5bd50bfcbf5d4df3265a5b20a9fca3fe7

PODFILE CHECKSUM: 10c0ba046972635e5a3d23802aeba78f74bdb051

COCOAPODS: 1.15.2
